
Microsoft Visual Studio Solution File, Format Version 12.00
# Visual Studio Version 16
VisualStudioVersion = 16.0.32228.343
MinimumVisualStudioVersion = 10.0.40219.1
Project("{FAE04EC0-301F-11D3-BF4B-00C04F79EFBC}") = "restraurant_otomasyon", "restruant_otomasyon\restraurant_otomasyon.csproj", "{61D9ACC3-4CDB-452F-A86F-9CDEFBB2DEE6}"
EndProject
Global
	GlobalSection(SolutionConfigurationPlatforms) = preSolution
		Debug|Any CPU = Debug|Any CPU
		Release|Any CPU = Release|Any CPU
	EndGlobalSection
	GlobalSection(ProjectConfigurationPlatforms) = postSolution
		{61D9ACC3-4CDB-452F-A86F-9CDEFBB2DEE6}.Debug|Any CPU.ActiveCfg = Debug|Any CPU
		{61D9ACC3-4CDB-452F-A86F-9CDEFBB2DEE6}.Debug|Any CPU.Build.0 = Debug|Any CPU
		{61D9ACC3-4CDB-452F-A86F-9CDEFBB2DEE6}.Release|Any CPU.ActiveCfg = Release|Any CPU
		{61D9ACC3-4CDB-452F-A86F-9CDEFBB2DEE6}.Release|Any CPU.Build.0 = Release|Any CPU
	EndGlobalSection
	GlobalSection(SolutionProperties) = preSolution
		HideSolutionNode = FALSE
	EndGlobalSection
	GlobalSection(ExtensibilityGlobals) = postSolution
		SolutionGuid = {446C3B79-69C2-425F-ACC0-90177910E002}
	EndGlobalSection
EndGlobal
